// !$*UTF8*$!
{
	archiveVersion = 1;
	classes = {
	};
	objectVersion = 51;
	objects = {

/* Begin PBXBuildFile section */
		044FAB5A26F81A0500B0F134 /* AppDelegate.swift in Sources */ = {isa = PBXBuildFile; fileRef = 044FAB5926F81A0500B0F134 /* AppDelegate.swift */; };
		044FAB5C26F81A0500B0F134 /* SceneDelegate.swift in Sources */ = {isa = PBXBuildFile; fileRef = 044FAB5B26F81A0500B0F134 /* SceneDelegate.swift */; };
		044FAB5E26F81A0500B0F134 /* LoginViewController.swift in Sources */ = {isa = PBXBuildFile; fileRef = 044FAB5D26F81A0500B0F134 /* LoginViewController.swift */; };
		044FAB6126F81A0500B0F134 /* Main.storyboard in Resources */ = {isa = PBXBuildFile; fileRef = 044FAB5F26F81A0500B0F134 /* Main.storyboard */; };
		044FAB6326F81A0900B0F134 /* Assets.xcassets in Resources */ = {isa = PBXBuildFile; fileRef = 044FAB6226F81A0900B0F134 /* Assets.xcassets */; };
		044FAB6626F81A0900B0F134 /* LaunchScreen.storyboard in Resources */ = {isa = PBXBuildFile; fileRef = 044FAB6426F81A0900B0F134 /* LaunchScreen.storyboard */; };
		044FAB6E26F8220C00B0F134 /* TasksViewController.swift in Sources */ = {isa = PBXBuildFile; fileRef = 044FAB6D26F8220C00B0F134 /* TasksViewController.swift */; };
		044FAB7426F8271F00B0F134 /* GoogleService-Info.plist in Resources */ = {isa = PBXBuildFile; fileRef = 044FAB7326F8271F00B0F134 /* GoogleService-Info.plist */; };
		F2C656013901D4E4789BF4A1 /* Pods_ToDoFireBase.framework in Frameworks */ = {isa = PBXBuildFile; fileRef = B5AB2C6ADD46E8CD6431A8DB /* Pods_ToDoFireBase.framework */; };
/* End PBXBuildFile section */

/* Begin PBXFileReference section */
		044FAB5626F81A0500B0F134 /* ToDoFireBase.app */ = {isa = PBXFileReference; explicitFileType = wrapper.application; includeInIndex = 0; path = ToDoFireBase.app; sourceTree = BUILT_PRODUCTS_DIR; };
		044FAB5926F81A0500B0F134 /* AppDelegate.swift */ = {isa = PBXFileReference; lastKnownFileType = sourcecode.swift; path = AppDelegate.swift; sourceTree = "<group>"; };
		044FAB5B26F81A0500B0F134 /* SceneDelegate.swift */ = {isa = PBXFileReference; lastKnownFileType = sourcecode.swift; path = SceneDelegate.swift; sourceTree = "<group>"; };
		044FAB5D26F81A0500B0F134 /* LoginViewController.swift */ = {isa = PBXFileReference; lastKnownFileType = sourcecode.swift; path = LoginViewController.swift; sourceTree = "<group>"; };
		044FAB6026F81A0500B0F134 /* Base */ = {isa = PBXFileReference; lastKnownFileType = file.storyboard; name = Base; path = Base.lproj/Main.storyboard; sourceTree = "<group>"; };
		044FAB6226F81A0900B0F134 /* Assets.xcassets */ = {isa = PBXFileReference; lastKnownFileType = folder.assetcatalog; path = Assets.xcassets; sourceTree = "<group>"; };
		044FAB6526F81A0900B0F134 /* Base */ = {isa = PBXFileReference; lastKnownFileType = file.storyboard; name = Base; path = Base.lproj/LaunchScreen.storyboard; sourceTree = "<group>"; };
		044FAB6726F81A0900B0F134 /* Info.plist */ = {isa = PBXFileReference; lastKnownFileType = text.plist.xml; path = Info.plist; sourceTree = "<group>"; };
		044FAB6D26F8220C00B0F134 /* TasksViewController.swift */ = {isa = PBXFileReference; lastKnownFileType = sourcecode.swift; path = TasksViewController.swift; sourceTree = "<group>"; };
		044FAB7326F8271F00B0F134 /* GoogleService-Info.plist */ = {isa = PBXFileReference; fileEncoding = 4; lastKnownFileType = text.plist.xml; path = "GoogleService-Info.plist"; sourceTree = "<group>"; };
		41BF58A96AEA25C91B3B57CD /* Pods-ToDoFireBase.release.xcconfig */ = {isa = PBXFileReference; includeInIndex = 1; lastKnownFileType = text.xcconfig; name = "Pods-ToDoFireBase.release.xcconfig"; path = "Target Support Files/Pods-ToDoFireBase/Pods-ToDoFireBase.release.xcconfig"; sourceTree = "<group>"; };
		693F946C80F674183DD962EA /* Pods-ToDoFireBase.debug.xcconfig */ = {isa = PBXFileReference; includeInIndex = 1; lastKnownFileType = text.xcconfig; name = "Pods-ToDoFireBase.debug.xcconfig"; path = "Target Support Files/Pods-ToDoFireBase/Pods-ToDoFireBase.debug.xcconfig"; sourceTree = "<group>"; };
		B5AB2C6ADD46E8CD6431A8DB /* Pods_ToDoFireBase.framework */ = {isa = PBXFileReference; explicitFileType = wrapper.framework; includeInIndex = 0; path = Pods_ToDoFireBase.framework; sourceTree = BUILT_PRODUCTS_DIR; };
/* End PBXFileReference section */

/* Begin PBXFrameworksBuildPhase section */
		044FAB5326F81A0500B0F134 /* Frameworks */ = {
			isa = PBXFrameworksBuildPhase;
			buildActionMask = 2147483647;
			files = (
				F2C656013901D4E4789BF4A1 /* Pods_ToDoFireBase.framework in Frameworks */,
			);
			runOnlyForDeploymentPostprocessing = 0;
		};
/* End PBXFrameworksBuildPhase section */

/* Begin PBXGroup section */
		044FAB4D26F81A0500B0F134 = {
			isa = PBXGroup;
			children = (
				044FAB5826F81A0500B0F134 /* ToDoFireBase */,
				044FAB5726F81A0500B0F134 /* Products */,
				B8F9F0E5407CA0E615925F37 /* Pods */,
				7B65564B6B0EE76474C213C0 /* Frameworks */,
			);
			sourceTree = "<group>";
		};
		044FAB5726F81A0500B0F134 /* Products */ = {
			isa = PBXGroup;
			children = (
				044FAB5626F81A0500B0F134 /* ToDoFireBase.app */,
			);
			name = Products;
			sourceTree = "<group>";
		};
		044FAB5826F81A0500B0F134 /* ToDoFireBase */ = {
			isa = PBXGroup;
			children = (
				044FAB7126F8225900B0F134 /* Supporting files */,
				044FAB7226F8229500B0F134 /* Conrollers */,
			);
			path = ToDoFireBase;
			sourceTree = "<group>";
		};
		044FAB7126F8225900B0F134 /* Supporting files */ = {
			isa = PBXGroup;
			children = (
				044FAB5926F81A0500B0F134 /* AppDelegate.swift */,
				044FAB5B26F81A0500B0F134 /* SceneDelegate.swift */,
				044FAB5F26F81A0500B0F134 /* Main.storyboard */,
				044FAB6226F81A0900B0F134 /* Assets.xcassets */,
				044FAB6426F81A0900B0F134 /* LaunchScreen.storyboard */,
				044FAB6726F81A0900B0F134 /* Info.plist */,
				044FAB7326F8271F00B0F134 /* GoogleService-Info.plist */,
			);
			path = "Supporting files";
			sourceTree = "<group>";
		};
		044FAB7226F8229500B0F134 /* Conrollers */ = {
			isa = PBXGroup;
			children = (
				044FAB5D26F81A0500B0F134 /* LoginViewController.swift */,
				044FAB6D26F8220C00B0F134 /* TasksViewController.swift */,
			);
			path = Conrollers;
			sourceTree = "<group>";
		};
		7B65564B6B0EE76474C213C0 /* Frameworks */ = {
			isa = PBXGroup;
			children = (
				B5AB2C6ADD46E8CD6431A8DB /* Pods_ToDoFireBase.framework */,
			);
			name = Frameworks;
			sourceTree = "<group>";
		};
		B8F9F0E5407CA0E615925F37 /* Pods */ = {
			isa = PBXGroup;
			children = (
				693F946C80F674183DD962EA /* Pods-ToDoFireBase.debug.xcconfig */,
				41BF58A96AEA25C91B3B57CD /* Pods-ToDoFireBase.release.xcconfig */,
			);
			path = Pods;
			sourceTree = "<group>";
		};
/* End PBXGroup section */

/* Begin PBXNativeTarget section */
		044FAB5526F81A0500B0F134 /* ToDoFireBase */ = {
			isa = PBXNativeTarget;
			buildConfigurationList = 044FAB6A26F81A0900B0F134 /* Build configuration list for PBXNativeTarget "ToDoFireBase" */;
			buildPhases = (
				E6012875BA6C7A86D2272066 /* [CP] Check Pods Manifest.lock */,
				044FAB5226F81A0500B0F134 /* Sources */,
				044FAB5326F81A0500B0F134 /* Frameworks */,
				044FAB5426F81A0500B0F134 /* Resources */,
				873DAFF3FB52E8738E2889E1 /* [CP] Embed Pods Frameworks */,
			);
			buildRules = (
			);
			dependencies = (
			);
			name = ToDoFireBase;
			productName = ToDoFireBase;
			productReference = 044FAB5626F81A0500B0F134 /* ToDoFireBase.app */;
			productType = "com.apple.product-type.application";
		};
/* End PBXNativeTarget section */

/* Begin PBXProject section */
		044FAB4E26F81A0500B0F134 /* Project object */ = {
			isa = PBXProject;
			attributes = {
				LastSwiftUpdateCheck = 1250;
				LastUpgradeCheck = 1250;
				TargetAttributes = {
					044FAB5526F81A0500B0F134 = {
						CreatedOnToolsVersion = 12.5;
					};
				};
			};
			buildConfigurationList = 044FAB5126F81A0500B0F134 /* Build configuration list for PBXProject "ToDoFireBase" */;
			compatibilityVersion = "Xcode 9.3";
			developmentRegion = en;
			hasScannedForEncodings = 0;
			knownRegions = (
				en,
				Base,
			);
			mainGroup = 044FAB4D26F81A0500B0F134;
			productRefGroup = 044FAB5726F81A0500B0F134 /* Products */;
			projectDirPath = "";
			projectRoot = "";
			targets = (
				044FAB5526F81A0500B0F134 /* ToDoFireBase */,
			);
		};
/* End PBXProject section */

/* Begin PBXResourcesBuildPhase section */
		044FAB5426F81A0500B0F134 /* Resources */ = {
			isa = PBXResourcesBuildPhase;
			buildActionMask = 2147483647;
			files = (
				044FAB6626F81A0900B0F134 /* LaunchScreen.storyboard in Resources */,
				044FAB7426F8271F00B0F134 /* GoogleService-Info.plist in Resources */,
				044FAB6326F81A0900B0F134 /* Assets.xcassets in Resources */,
				044FAB6126F81A0500B0F134 /* Main.storyboard in Resources */,
			);
			runOnlyForDeploymentPostprocessing = 0;
		};
/* End PBXResourcesBuildPhase section */

/* Begin PBXShellScriptBuildPhase section */
		873DAFF3FB52E8738E2889E1 /* [CP] Embed Pods Frameworks */ = {
			isa = PBXShellScriptBuildPhase;
			buildActionMask = 2147483647;
			files = (
			);
			inputFileListPaths = (
				"${PODS_ROOT}/Target Support Files/Pods-ToDoFireBase/Pods-ToDoFireBase-frameworks-${CONFIGURATION}-input-files.xcfilelist",
			);
			name = "[CP] Embed Pods Frameworks";
			outputFileListPaths = (
				"${PODS_ROOT}/Target Support Files/Pods-ToDoFireBase/Pods-ToDoFireBase-frameworks-${CONFIGURATION}-output-files.xcfilelist",
			);
			runOnlyForDeploymentPostprocessing = 0;
			shellPath = /bin/sh;
			shellScript = "\"${PODS_ROOT}/Target Support Files/Pods-ToDoFireBase/Pods-ToDoFireBase-frameworks.sh\"\n";
			showEnvVarsInLog = 0;
		};
		E6012875BA6C7A86D2272066 /* [CP] Check Pods Manifest.lock */ = {
			isa = PBXShellScriptBuildPhase;
			buildActionMask = 2147483647;
			files = (
			);
			inputFileListPaths = (
			);
			inputPaths = (
				"${PODS_PODFILE_DIR_PATH}/Podfile.lock",
				"${PODS_ROOT}/Manifest.lock",
			);
			name = "[CP] Check Pods Manifest.lock";
			outputFileListPaths = (
			);
			outputPaths = (
				"$(DERIVED_FILE_DIR)/Pods-ToDoFireBase-checkManifestLockResult.txt",
			);
			runOnlyForDeploymentPostprocessing = 0;
			shellPath = /bin/sh;
			shellScript = "diff \"${PODS_PODFILE_DIR_PATH}/Podfile.lock\" \"${PODS_ROOT}/Manifest.lock\" > /dev/null\nif [ $? != 0 ] ; then\n    # print error to STDERR\n    echo \"error: The sandbox is not in sync with the Podfile.lock. Run 'pod install' or update your CocoaPods installation.\" >&2\n    exit 1\nfi\n# This output is used by Xcode 'outputs' to avoid re-running this script phase.\necho \"SUCCESS\" > \"${SCRIPT_OUTPUT_FILE_0}\"\n";
			showEnvVarsInLog = 0;
		};
/* End PBXShellScriptBuildPhase section */

/* Begin PBXSourcesBuildPhase section */
		044FAB5226F81A0500B0F134 /* Sources */ = {
			isa = PBXSourcesBuildPhase;
			buildActionMask = 2147483647;
			files = (
				044FAB5E26F81A0500B0F134 /* LoginViewController.swift in Sources */,
				044FAB6E26F8220C00B0F134 /* TasksViewController.swift in Sources */,
				044FAB5A26F81A0500B0F134 /* AppDelegate.swift in Sources */,
				044FAB5C26F81A0500B0F134 /* SceneDelegate.swift in Sources */,
			);
			runOnlyForDeploymentPostprocessing = 0;
		};
/* End PBXSourcesBuildPhase section */

/* Begin PBXVariantGroup section */
		044FAB5F26F81A0500B0F134 /* Main.storyboard */ = {
			isa = PBXVariantGroup;
			children = (
				044FAB6026F81A0500B0F134 /* Base */,
			);
			name = Main.storyboard;
			sourceTree = "<group>";
		};
		044FAB6426F81A0900B0F134 /* LaunchScreen.storyboard */ = {
			isa = PBXVariantGroup;
			children = (
				044FAB6526F81A0900B0F134 /* Base */,
			);
			name = LaunchScreen.storyboard;
			sourceTree = "<group>";
		};
/* End PBXVariantGroup section */

/* Begin XCBuildConfiguration section */
		044FAB6826F81A0900B0F134 /* Debug */ = {
			isa = XCBuildConfiguration;
			buildSettings = {
				ALWAYS_SEARCH_USER_PATHS = NO;
				CLANG_ANALYZER_NONNULL = YES;
				CLANG_ANALYZER_NUMBER_OBJECT_CONVERSION = YES_AGGRESSIVE;
				CLANG_CXX_LANGUAGE_STANDARD = "gnu++14";
				CLANG_CXX_LIBRARY = "libc++";
				CLANG_ENABLE_MODULES = YES;
				CLANG_ENABLE_OBJC_ARC = YES;
				CLANG_ENABLE_OBJC_WEAK = YES;
				CLANG_WARN_BLOCK_CAPTURE_AUTORELEASING = YES;
				CLANG_WARN_BOOL_CONVERSION = YES;
				CLANG_WARN_COMMA = YES;
				CLANG_WARN_CONSTANT_CONVERSION = YES;
				CLANG_WARN_DEPRECATED_OBJC_IMPLEMENTATIONS = YES;
				CLANG_WARN_DIRECT_OBJC_ISA_USAGE = YES_ERROR;
				CLANG_WARN_DOCUMENTATION_COMMENTS = YES;
				CLANG_WARN_EMPTY_BODY = YES;
				CLANG_WARN_ENUM_CONVERSION = YES;
				CLANG_WARN_INFINITE_RECURSION = YES;
				CLANG_WARN_INT_CONVERSION = YES;
				CLANG_WARN_NON_LITERAL_NULL_CONVERSION = YES;
				CLANG_WARN_OBJC_IMPLICIT_RETAIN_SELF = YES;
				CLANG_WARN_OBJC_LITERAL_CONVERSION = YES;
				CLANG_WARN_OBJC_ROOT_CLASS = YES_ERROR;
				CLANG_WARN_QUOTED_INCLUDE_IN_FRAMEWORK_HEADER = YES;
				CLANG_WARN_RANGE_LOOP_ANALYSIS = YES;
				CLANG_WARN_STRICT_PROTOTYPES = YES;
				CLANG_WARN_SUSPICIOUS_MOVE = YES;
				CLANG_WARN_UNGUARDED_AVAILABILITY = YES_AGGRESSIVE;
				CLANG_WARN_UNREACHABLE_CODE = YES;
				CLANG_WARN__DUPLICATE_METHOD_MATCH = YES;
				COPY_PHASE_STRIP = NO;
				DEBUG_INFORMATION_FORMAT = dwarf;
				ENABLE_STRICT_OBJC_MSGSEND = YES;
				ENABLE_TESTABILITY = YES;
				GCC_C_LANGUAGE_STANDARD = gnu11;
				GCC_DYNAMIC_NO_PIC = NO;
				GCC_NO_COMMON_BLOCKS = YES;
				GCC_OPTIMIZATION_LEVEL = 0;
				GCC_PREPROCESSOR_DEFINITIONS = (
					"DEBUG=1",
					"$(inherited)",
				);
				GCC_WARN_64_TO_32_BIT_CONVERSION = YES;
				GCC_WARN_ABOUT_RETURN_TYPE = YES_ERROR;
				GCC_WARN_UNDECLARED_SELECTOR = YES;
				GCC_WARN_UNINITIALIZED_AUTOS = YES_AGGRESSIVE;
				GCC_WARN_UNUSED_FUNCTION = YES;
				GCC_WARN_UNUSED_VARIABLE = YES;
				IPHONEOS_DEPLOYMENT_TARGET = 14.5;
				MTL_ENABLE_DEBUG_INFO = INCLUDE_SOURCE;
				MTL_FAST_MATH = YES;
				ONLY_ACTIVE_ARCH = YES;
				SDKROOT = iphoneos;
				SWIFT_ACTIVE_COMPILATION_CONDITIONS = DEBUG;
				SWIFT_OPTIMIZATION_LEVEL = "-Onone";
			};
			name = Debug;
		};
		044FAB6926F81A0900B0F134 /* Release */ = {
			isa = XCBuildConfiguration;
			buildSettings = {
				ALWAYS_SEARCH_USER_PATHS = NO;
				CLANG_ANALYZER_NONNULL = YES;
				CLANG_ANALYZER_NUMBER_OBJECT_CONVERSION = YES_AGGRESSIVE;
				CLANG_CXX_LANGUAGE_STANDARD = "gnu++14";
				CLANG_CXX_LIBRARY = "libc++";
				CLANG_ENABLE_MODULES = YES;
				CLANG_ENABLE_OBJC_ARC = YES;
				CLANG_ENABLE_OBJC_WEAK = YES;
				CLANG_WARN_BLOCK_CAPTURE_AUTORELEASING = YES;
				CLANG_WARN_BOOL_CONVERSION = YES;
				CLANG_WARN_COMMA = YES;
				CLANG_WARN_CONSTANT_CONVERSION = YES;
				CLANG_WARN_DEPRECATED_OBJC_IMPLEMENTATIONS = YES;
				CLANG_WARN_DIRECT_OBJC_ISA_USAGE = YES_ERROR;
				CLANG_WARN_DOCUMENTATION_COMMENTS = YES;
				CLANG_WARN_EMPTY_BODY = YES;
				CLANG_WARN_ENUM_CONVERSION = YES;
				CLANG_WARN_INFINITE_RECURSION = YES;
				CLANG_WARN_INT_CONVERSION = YES;
				CLANG_WARN_NON_LITERAL_NULL_CONVERSION = YES;
				CLANG_WARN_OBJC_IMPLICIT_RETAIN_SELF = YES;
				CLANG_WARN_OBJC_LITERAL_CONVERSION = YES;
				CLANG_WARN_OBJC_ROOT_CLASS = YES_ERROR;
				CLANG_WARN_QUOTED_INCLUDE_IN_FRAMEWORK_HEADER = YES;
				CLANG_WARN_RANGE_LOOP_ANALYSIS = YES;
				CLANG_WARN_STRICT_PROTOTYPES = YES;
				CLANG_WARN_SUSPICIOUS_MOVE = YES;
				CLANG_WARN_UNGUARDED_AVAILABILITY = YES_AGGRESSIVE;
				CLANG_WARN_UNREACHABLE_CODE = YES;
				CLANG_WARN__DUPLICATE_METHOD_MATCH = YES;
				COPY_PHASE_STRIP = NO;
				DEBUG_INFORMATION_FORMAT = "dwarf-with-dsym";
				ENABLE_NS_ASSERTIONS = NO;
				ENABLE_STRICT_OBJC_MSGSEND = YES;
				GCC_C_LANGUAGE_STANDARD = gnu11;
				GCC_NO_COMMON_BLOCKS = YES;
				GCC_WARN_64_TO_32_BIT_CONVERSION = YES;
				GCC_WARN_ABOUT_RETURN_TYPE = YES_ERROR;
				GCC_WARN_UNDECLARED_SELECTOR = YES;
				GCC_WARN_UNINITIALIZED_AUTOS = YES_AGGRESSIVE;
				GCC_WARN_UNUSED_FUNCTION = YES;
				GCC_WARN_UNUSED_VARIABLE = YES;
				IPHONEOS_DEPLOYMENT_TARGET = 14.5;
				MTL_ENABLE_DEBUG_INFO = NO;
				MTL_FAST_MATH = YES;
				SDKROOT = iphoneos;
				SWIFT_COMPILATION_MODE = wholemodule;
				SWIFT_OPTIMIZATION_LEVEL = "-O";
				VALIDATE_PRODUCT = YES;
			};
			name = Release;
		};
		044FAB6B26F81A0900B0F134 /* Debug */ = {
			isa = XCBuildConfiguration;
			baseConfigurationReference = 693F946C80F674183DD962EA /* Pods-ToDoFireBase.debug.xcconfig */;
			buildSettings = {
				ASSETCATALOG_COMPILER_APPICON_NAME = AppIcon;
				ASSETCATALOG_COMPILER_GLOBAL_ACCENT_COLOR_NAME = AccentColor;
				CODE_SIGN_STYLE = Automatic;
				DEVELOPMENT_TEAM = 7R6MFKUCX6;
				INFOPLIST_FILE = "$(SRCROOT)/ToDoFireBase/Supporting files/Info.plist";
				LD_RUNPATH_SEARCH_PATHS = (
					"$(inherited)",
					"@executable_path/Frameworks",
				);
				PRODUCT_BUNDLE_IDENTIFIER = GRoMMY.ToDoFireBase;
				PRODUCT_NAME = "$(TARGET_NAME)";
				SWIFT_VERSION = 5.0;
				TARGETED_DEVICE_FAMILY = 1;
			};
			name = Debug;
		};
		044FAB6C26F81A0900B0F134 /* Release */ = {
			isa = XCBuildConfiguration;
			baseConfigurationReference = 41BF58A96AEA25C91B3B57CD /* Pods-ToDoFireBase.release.xcconfig */;
			buildSettings = {
				ASSETCATALOG_COMPILER_APPICON_NAME = AppIcon;
				ASSETCATALOG_COMPILER_GLOBAL_ACCENT_COLOR_NAME = AccentColor;
				CODE_SIGN_STYLE = Automatic;
				DEVELOPMENT_TEAM = 7R6MFKUCX6;
				INFOPLIST_FILE = "$(SRCROOT)/ToDoFireBase/Supporting files/Info.plist";
				LD_RUNPATH_SEARCH_PATHS = (
					"$(inherited)",
					"@executable_path/Frameworks",
				);
				PRODUCT_BUNDLE_IDENTIFIER = GRoMMY.ToDoFireBase;
				PRODUCT_NAME = "$(TARGET_NAME)";
				SWIFT_VERSION = 5.0;
				TARGETED_DEVICE_FAMILY = 1;
			};
			name = Release;
		};
/* End XCBuildConfiguration section */

/* Begin XCConfigurationList section */
		044FAB5126F81A0500B0F134 /* Build configuration list for PBXProject "ToDoFireBase" */ = {
			isa = XCConfigurationList;
			buildConfigurations = (
				044FAB6826F81A0900B0F134 /* Debug */,
				044FAB6926F81A0900B0F134 /* Release */,
			);
			defaultConfigurationIsVisible = 0;
			defaultConfigurationName = Release;
		};
		044FAB6A26F81A0900B0F134 /* Build configuration list for PBXNativeTarget "ToDoFireBase" */ = {
			isa = XCConfigurationList;
			buildConfigurations = (
				044FAB6B26F81A0900B0F134 /* Debug */,
				044FAB6C26F81A0900B0F134 /* Release */,
			);
			defaultConfigurationIsVisible = 0;
			defaultConfigurationName = Release;
		};
/* End XCConfigurationList section */
	};
	rootObject = 044FAB4E26F81A0500B0F134 /* Project object */;
}
